{
  "object": {
    "pins": [
      {
        "package": "Jar",
        "repositoryURL": "/Users/smuellner/Developer/opensource/SwiftPackageRepository/Jar.swift",
        "state": {
          "branch": "main",
          "revision": "ebad4e989edd8f18f4c0bfb10f4a2fe2454070a2",
          "version": null
        }
      }
    ]
  },
  "version": 1
}
